
Microsoft Visual Studio Solution File, Format Version 12.00
# Visual Studio Version 17
VisualStudioVersion = 17.10.35027.167
MinimumVisualStudioVersion = 10.0.40219.1
Project("{FAE04EC0-301F-11D3-BF4B-00C04F79EFBC}") = "WpfApp6", "WpfApp6.csproj", "{59C379DB-72EC-4271-B01C-488914448935}"
EndProject
Global
	GlobalSection(SolutionConfigurationPlatforms) = preSolution
		Debug|Any CPU = Debug|Any CPU
		Release|Any CPU = Release|Any CPU
	EndGlobalSection
	GlobalSection(ProjectConfigurationPlatforms) = postSolution
		{59C379DB-72EC-4271-B01C-488914448935}.Debug|Any CPU.ActiveCfg = Debug|Any CPU
		{59C379DB-72EC-4271-B01C-488914448935}.Debug|Any CPU.Build.0 = Debug|Any CPU
		{59C379DB-72EC-4271-B01C-488914448935}.Release|Any CPU.ActiveCfg = Release|Any CPU
		{59C379DB-72EC-4271-B01C-488914448935}.Release|Any CPU.Build.0 = Release|Any CPU
	EndGlobalSection
	GlobalSection(SolutionProperties) = preSolution
		HideSolutionNode = FALSE
	EndGlobalSection
	GlobalSection(ExtensibilityGlobals) = postSolution
		SolutionGuid = {40082D47-317C-46E5-8910-9A971FC9E9B4}
	EndGlobalSection
EndGlobal
